
Microsoft Visual Studio Solution File, Format Version 12.00
# Visual Studio Version 17
VisualStudioVersion = 17.12.35707.178 d17.12
MinimumVisualStudioVersion = 10.0.40219.1
Project("{D2ABAB84-BF74-430A-B69E-9DC6D40DDA17}") = "SSASAdventure", "SSASAdventure\SSASAdventure.dwproj", "{0680EC0C-551E-4995-AB2D-AD7C2D3D1E67}"
EndProject
Global
	GlobalSection(SolutionConfigurationPlatforms) = preSolution
		Development|Default = Development|Default
	EndGlobalSection
	GlobalSection(ProjectConfigurationPlatforms) = postSolution
		{0680EC0C-551E-4995-AB2D-AD7C2D3D1E67}.Development|Default.ActiveCfg = Development
		{0680EC0C-551E-4995-AB2D-AD7C2D3D1E67}.Development|Default.Build.0 = Development
		{0680EC0C-551E-4995-AB2D-AD7C2D3D1E67}.Development|Default.Deploy.0 = Development
	EndGlobalSection
	GlobalSection(SolutionProperties) = preSolution
		HideSolutionNode = FALSE
	EndGlobalSection
EndGlobal
